# This file was autogenerated by uv via the following command:
#    uv pip compile containers/cpu/build-requirements.in --python-version 3.10 --generate-hashes -o containers/cpu/build-requirements.lock
setuptools==74.1.1 \
    --hash=sha256:2353af060c06388be1cecbf5953dcdb1f38362f87a2356c480b6b4d5fcfc8847 \
    --hash=sha256:fc91b5f89e392ef5b77fe143b17e32f65d3024744fba66dc3afe07201684d766
    # via -r containers/cpu/build-requirements.in
wheel==0.45.1 \
    --hash=sha256:661e1abd9198507b1409a20c02106d9670b2576e916d58f520316666abca6729 \
    --hash=sha256:708e7481cc80179af0e556bbf0cc00b8444c7321e2700b8d8580231d13017248
    # via -r containers/cpu/build-requirements.in
